
Microsoft Visual Studio Solution File, Format Version 12.00
# Visual Studio 15
VisualStudioVersion = 15.0.27130.2010
MinimumVisualStudioVersion = 10.0.40219.1
Project("{FAE04EC0-301F-11D3-BF4B-00C04F79EFBC}") = "MovieStop", "MovieStop\MovieStop.csproj", "{5A8277EB-FB8C-49BF-8CE7-E6700C55B8DC}"
EndProject
Global
	GlobalSection(SolutionConfigurationPlatforms) = preSolution
		Debug|Any CPU = Debug|Any CPU
		Release|Any CPU = Release|Any CPU
	EndGlobalSection
	GlobalSection(ProjectConfigurationPlatforms) = postSolution
		{5A8277EB-FB8C-49BF-8CE7-E6700C55B8DC}.Debug|Any CPU.ActiveCfg = Debug|Any CPU
		{5A8277EB-FB8C-49BF-8CE7-E6700C55B8DC}.Debug|Any CPU.Build.0 = Debug|Any CPU
		{5A8277EB-FB8C-49BF-8CE7-E6700C55B8DC}.Release|Any CPU.ActiveCfg = Release|Any CPU
		{5A8277EB-FB8C-49BF-8CE7-E6700C55B8DC}.Release|Any CPU.Build.0 = Release|Any CPU
	EndGlobalSection
	GlobalSection(SolutionProperties) = preSolution
		HideSolutionNode = FALSE
	EndGlobalSection
	GlobalSection(ExtensibilityGlobals) = postSolution
		SolutionGuid = {36661612-0C83-4EFB-8592-38E34BE0218B}
	EndGlobalSection
EndGlobal
